
Microsoft Visual Studio Solution File, Format Version 12.00
# Visual Studio Version 17
VisualStudioVersion = 17.12.35521.163 d17.12
MinimumVisualStudioVersion = 10.0.40219.1
Project("{FAE04EC0-301F-11D3-BF4B-00C04F79EFBC}") = "CommunityToolkit.Aspire.Hosting.ProjectCommander", "CommunityToolkit.Aspire.Hosting.ProjectCommander\CommunityToolkit.Aspire.Hosting.ProjectCommander.csproj", "{BA1F35CD-5AE3-49C8-A0CA-253073F93D10}"
EndProject
Project("{FAE04EC0-301F-11D3-BF4B-00C04F79EFBC}") = "CommunityToolkit.Aspire.ProjectCommander", "CommunityToolkit.Aspire.ProjectCommander\CommunityToolkit.Aspire.ProjectCommander.csproj", "{0F44E08D-3C6C-4AD2-8945-617612AD4DAF}"
EndProject
Global
	GlobalSection(SolutionConfigurationPlatforms) = preSolution
		Debug|Any CPU = Debug|Any CPU
		Release|Any CPU = Release|Any CPU
	EndGlobalSection
	GlobalSection(ProjectConfigurationPlatforms) = postSolution
		{BA1F35CD-5AE3-49C8-A0CA-253073F93D10}.Debug|Any CPU.ActiveCfg = Debug|Any CPU
		{BA1F35CD-5AE3-49C8-A0CA-253073F93D10}.Debug|Any CPU.Build.0 = Debug|Any CPU
		{BA1F35CD-5AE3-49C8-A0CA-253073F93D10}.Release|Any CPU.ActiveCfg = Release|Any CPU
		{BA1F35CD-5AE3-49C8-A0CA-253073F93D10}.Release|Any CPU.Build.0 = Release|Any CPU
		{0F44E08D-3C6C-4AD2-8945-617612AD4DAF}.Debug|Any CPU.ActiveCfg = Debug|Any CPU
		{0F44E08D-3C6C-4AD2-8945-617612AD4DAF}.Debug|Any CPU.Build.0 = Debug|Any CPU
		{0F44E08D-3C6C-4AD2-8945-617612AD4DAF}.Release|Any CPU.ActiveCfg = Release|Any CPU
		{0F44E08D-3C6C-4AD2-8945-617612AD4DAF}.Release|Any CPU.Build.0 = Release|Any CPU
	EndGlobalSection
	GlobalSection(SolutionProperties) = preSolution
		HideSolutionNode = FALSE
	EndGlobalSection
EndGlobal
